Microsoft Visual Studio Solution File, Format Version 12.00
# Visual Studio Version 17
VisualStudioVersion = 17.5.2.0
MinimumVisualStudioVersion = 10.0.40219.1
Project("{2150E333-8FDC-42A3-9474-1A3956D46DE8}") = "Week1", "Week1", "{0377D431-4109-1088-BB8F-0E0CDFEAF817}"
EndProject
Project("{FAE04EC0-301F-11D3-BF4B-00C04F79EFBC}") = "InClass", "Week1\InClass\InClass.csproj", "{D051BDC9-8333-55EB-DAD4-070DD2D3C2E0}"
EndProject
Global
	GlobalSection(SolutionConfigurationPlatforms) = preSolution
		Debug|Any CPU = Debug|Any CPU
		Release|Any CPU = Release|Any CPU
	EndGlobalSection
	GlobalSection(ProjectConfigurationPlatforms) = postSolution
		{D051BDC9-8333-55EB-DAD4-070DD2D3C2E0}.Debug|Any CPU.ActiveCfg = Debug|Any CPU
		{D051BDC9-8333-55EB-DAD4-070DD2D3C2E0}.Debug|Any CPU.Build.0 = Debug|Any CPU
		{D051BDC9-8333-55EB-DAD4-070DD2D3C2E0}.Release|Any CPU.ActiveCfg = Release|Any CPU
		{D051BDC9-8333-55EB-DAD4-070DD2D3C2E0}.Release|Any CPU.Build.0 = Release|Any CPU
	EndGlobalSection
	GlobalSection(SolutionProperties) = preSolution
		HideSolutionNode = FALSE
	EndGlobalSection
	GlobalSection(NestedProjects) = preSolution
		{D051BDC9-8333-55EB-DAD4-070DD2D3C2E0} = {0377D431-4109-1088-BB8F-0E0CDFEAF817}
	EndGlobalSection
	GlobalSection(ExtensibilityGlobals) = postSolution
		SolutionGuid = {EE357123-0FDE-48A9-A327-0679C1BA3904}
	EndGlobalSection
EndGlobal
